
Microsoft Visual Studio Solution File, Format Version 12.00
# Visual Studio 15
VisualStudioVersion = 15.0.27004.2002
MinimumVisualStudioVersion = 10.0.40219.1
Project("{FAE04EC0-301F-11D3-BF4B-00C04F79EFBC}") = "SkiHill", "SkiHill\SkiHill.csproj", "{A6D21C4D-EC61-4CDD-AFD5-860E2E4C35B6}"
EndProject
Project("{FAE04EC0-301F-11D3-BF4B-00C04F79EFBC}") = "SkiHill.Tests", "SkiHill.Tests\SkiHill.Tests.csproj", "{A7706D97-F5CA-4A9A-8F9A-05FF54169E24}"
EndProject
Project("{FAE04EC0-301F-11D3-BF4B-00C04F79EFBC}") = "SkiHillService", "SkiHillService\SkiHillService.csproj", "{7ADF4D25-BC60-47A0-B098-77B13ADDDFBE}"
EndProject
Project("{FAE04EC0-301F-11D3-BF4B-00C04F79EFBC}") = "SkiHillWebAPI", "SkiHillWebAPI\SkiHillWebAPI.csproj", "{81984109-A2ED-42B5-9FAD-74AE18500207}"
EndProject
Project("{FAE04EC0-301F-11D3-BF4B-00C04F79EFBC}") = "DAL", "DAL\DAL.csproj", "{11420408-137D-41D4-AE9E-1EF7BB7DAD80}"
EndProject
Global
	GlobalSection(SolutionConfigurationPlatforms) = preSolution
		Debug|Any CPU = Debug|Any CPU
		Release|Any CPU = Release|Any CPU
	EndGlobalSection
	GlobalSection(ProjectConfigurationPlatforms) = postSolution
		{A6D21C4D-EC61-4CDD-AFD5-860E2E4C35B6}.Debug|Any CPU.ActiveCfg = Debug|Any CPU
		{A6D21C4D-EC61-4CDD-AFD5-860E2E4C35B6}.Debug|Any CPU.Build.0 = Debug|Any CPU
		{A6D21C4D-EC61-4CDD-AFD5-860E2E4C35B6}.Release|Any CPU.ActiveCfg = Release|Any CPU
		{A6D21C4D-EC61-4CDD-AFD5-860E2E4C35B6}.Release|Any CPU.Build.0 = Release|Any CPU
		{A7706D97-F5CA-4A9A-8F9A-05FF54169E24}.Debug|Any CPU.ActiveCfg = Debug|Any CPU
		{A7706D97-F5CA-4A9A-8F9A-05FF54169E24}.Debug|Any CPU.Build.0 = Debug|Any CPU
		{A7706D97-F5CA-4A9A-8F9A-05FF54169E24}.Release|Any CPU.ActiveCfg = Release|Any CPU
		{A7706D97-F5CA-4A9A-8F9A-05FF54169E24}.Release|Any CPU.Build.0 = Release|Any CPU
		{7ADF4D25-BC60-47A0-B098-77B13ADDDFBE}.Debug|Any CPU.ActiveCfg = Debug|Any CPU
		{7ADF4D25-BC60-47A0-B098-77B13ADDDFBE}.Debug|Any CPU.Build.0 = Debug|Any CPU
		{7ADF4D25-BC60-47A0-B098-77B13ADDDFBE}.Release|Any CPU.ActiveCfg = Release|Any CPU
		{7ADF4D25-BC60-47A0-B098-77B13ADDDFBE}.Release|Any CPU.Build.0 = Release|Any CPU
		{81984109-A2ED-42B5-9FAD-74AE18500207}.Debug|Any CPU.ActiveCfg = Debug|Any CPU
		{81984109-A2ED-42B5-9FAD-74AE18500207}.Debug|Any CPU.Build.0 = Debug|Any CPU
		{81984109-A2ED-42B5-9FAD-74AE18500207}.Release|Any CPU.ActiveCfg = Release|Any CPU
		{81984109-A2ED-42B5-9FAD-74AE18500207}.Release|Any CPU.Build.0 = Release|Any CPU
		{11420408-137D-41D4-AE9E-1EF7BB7DAD80}.Debug|Any CPU.ActiveCfg = Debug|Any CPU
		{11420408-137D-41D4-AE9E-1EF7BB7DAD80}.Debug|Any CPU.Build.0 = Debug|Any CPU
		{11420408-137D-41D4-AE9E-1EF7BB7DAD80}.Release|Any CPU.ActiveCfg = Release|Any CPU
		{11420408-137D-41D4-AE9E-1EF7BB7DAD80}.Release|Any CPU.Build.0 = Release|Any CPU
	EndGlobalSection
	GlobalSection(SolutionProperties) = preSolution
		HideSolutionNode = FALSE
	EndGlobalSection
	GlobalSection(ExtensibilityGlobals) = postSolution
		SolutionGuid = {E6AB0E20-BF40-457E-859C-2A540A582AC8}
	EndGlobalSection
EndGlobal
